<?xml version="1.0" encoding="utf-8"?>
<Project ToolsVersion="4.0" xmlns="http://schemas.microsoft.com/developer/msbuild/2003">
  <ItemGroup>
    <Filter Include="Source Files">
      <UniqueIdentifier>{4FC737F1-C7A5-4376-A066-2A32D752A2FF}</UniqueIdentifier>
      <Extensions>cpp;c;cc;cxx;def;odl;idl;hpj;bat;asm;asmx</Extensions>
    </Filter>
    <Filter Include="Header Files">
      <UniqueIdentifier>{93995380-89BD-4b04-88EB-625FBE52EBFB}</UniqueIdentifier>
      <Extensions>h;hh;hpp;hxx;hm;inl;inc;ipp;xsd</Extensions>
    </Filter>
    <Filter Include="Resource Files">
      <UniqueIdentifier>{67DA6AB6-F800-4c08-8B7A-83BB121AAD01}</UniqueIdentifier>
      <Extensions>rc;ico;cur;bmp;dlg;rc2;rct;bin;rgs;gif;jpg;jpeg;jpe;resx;tiff;tif;png;wav;mfcribbon-ms</Extensions>
    </Filter>
    <Filter Include="Header Files\Monsters">
      <UniqueIdentifier>{28e18132-dadc-45c7-9a9c-8fd741525096}</UniqueIdentifier>
    </Filter>
    <Filter Include="Source Files\Monsters">
      <UniqueIdentifier>{12ac9367-6134-46f4-9ce5-48ec12995b74}</UniqueIdentifier>
    </Filter>
    <Filter Include="Header Files\GameStates">
      <UniqueIdentifier>{cb07d6ad-46e3-4ed6-b317-324b54e6931f}</UniqueIdentifier>
    </Filter>
    <Filter Include="Source Files\GameStates">
      <UniqueIdentifier>{4acf7f5b-ae07-4006-9447-98990393e46d}</UniqueIdentifier>
    </Filter>
    <Filter Include="Source Files\DataStructures">
      <UniqueIdentifier>{e98dfc7e-e4da-4f3e-9552-af04e3156ed7}</UniqueIdentifier>
    </Filter>
    <Filter Include="Source Files\Character">
      <UniqueIdentifier>{75f6bb23-9ec8-4910-a976-f6fb0dd1cf1a}</UniqueIdentifier>
    </Filter>
    <Filter Include="Source Files\Items">
      <UniqueIdentifier>{7dca396a-1d53-4f0a-96d4-5d20b6f4e34c}</UniqueIdentifier>
    </Filter>
    <Filter Include="Source Files\Etc">
      <UniqueIdentifier>{2aed6b98-bb79-488d-8996-8ad35f891cb7}</UniqueIdentifier>
    </Filter>
    <Filter Include="Header Files\DataStructures">
      <UniqueIdentifier>{2449e0d3-0323-4768-bd6a-2a8a826357b2}</UniqueIdentifier>
    </Filter>
    <Filter Include="Header Files\Character">
      <UniqueIdentifier>{d7cf1a87-62a2-47b2-b9bd-4a1250bcf16d}</UniqueIdentifier>
    </Filter>
    <Filter Include="Header Files\Items">
      <UniqueIdentifier>{69a58634-8d25-4006-b16c-c7a5073c8ad2}</UniqueIdentifier>
    </Filter>
    <Filter Include="Header Files\Etc">
      <UniqueIdentifier>{92983c71-38bf-4c36-a9f4-4f286bb27886}</UniqueIdentifier>
    </Filter>
  </ItemGroup>
  <ItemGroup>
    <ClCompile Include="GameState.cpp">
      <Filter>Source Files\GameStates</Filter>
    </ClCompile>
    <ClCompile Include="MainMenu.cpp">
      <Filter>Source Files\GameStates</Filter>
    </ClCompile>
    <ClCompile Include="Monster.cpp">
      <Filter>Source Files\Monsters</Filter>
    </ClCompile>
    <ClCompile Include="Fight.cpp">
      <Filter>Source Files\GameStates</Filter>
    </ClCompile>
    <ClCompile Include="Shop.cpp">
      <Filter>Source Files\GameStates</Filter>
    </ClCompile>
    <ClCompile Include="LoadMenu.cpp">
      <Filter>Source Files\GameStates</Filter>
    </ClCompile>
    <ClCompile Include="Minotaur.cpp">
      <Filter>Source Files\Monsters</Filter>
    </ClCompile>
    <ClCompile Include="NewGame.cpp">
      <Filter>Source Files\GameStates</Filter>
    </ClCompile>
    <ClCompile Include="DarkKnight.cpp">
      <Filter>Source Files\Monsters</Filter>
    </ClCompile>
    <ClCompile Include="Dragon.cpp">
      <Filter>Source Files\Monsters</Filter>
    </ClCompile>
    <ClCompile Include="BackPack.cpp">
      <Filter>Source Files\Character</Filter>
    </ClCompile>
    <ClCompile Include="Character.cpp">
      <Filter>Source Files\Character</Filter>
    </ClCompile>
    <ClCompile Include="CoinPouch.cpp">
      <Filter>Source Files\Character</Filter>
    </ClCompile>
    <ClCompile Include="Potion.cpp">
      <Filter>Source Files\Items</Filter>
    </ClCompile>
    <ClCompile Include="String.cpp">
      <Filter>Source Files\DataStructures</Filter>
    </ClCompile>
    <ClCompile Include="Driver.cpp">
      <Filter>Source Files\Etc</Filter>
    </ClCompile>
    <ClCompile Include="Game.cpp">
      <Filter>Source Files\Etc</Filter>
    </ClCompile>
    <ClCompile Include="Rand.cpp">
      <Filter>Source Files\Etc</Filter>
    </ClCompile>
    <ClCompile Include="Vampire.cpp">
      <Filter>Source Files\Monsters</Filter>
    </ClCompile>
    <ClCompile Include="Goblin.cpp">
      <Filter>Source Files\Monsters</Filter>
    </ClCompile>
    <ClCompile Include="Skeleton.cpp">
      <Filter>Source Files\Monsters</Filter>
    </ClCompile>
    <ClCompile Include="Gryphon.cpp">
      <Filter>Source Files\Monsters</Filter>
    </ClCompile>
    <ClCompile Include="Medusa.cpp">
      <Filter>Source Files\Monsters</Filter>
    </ClCompile>
    <ClCompile Include="Enchantress.cpp">
      <Filter>Source Files\Monsters</Filter>
    </ClCompile>
    <ClCompile Include="Sphinx.cpp">
      <Filter>Source Files\Monsters</Filter>
    </ClCompile>
    <ClCompile Include="Armor.cpp">
      <Filter>Source Files\Items</Filter>
    </ClCompile>
    <ClCompile Include="Item.cpp">
      <Filter>Source Files\Items</Filter>
    </ClCompile>
    <ClCompile Include="Weapon.cpp">
      <Filter>Source Files\Items</Filter>
    </ClCompile>
    <ClCompile Include="Spell.cpp">
      <Filter>Source Files\Character</Filter>
    </ClCompile>
  </ItemGroup>
  <ItemGroup>
    <ClInclude Include="GameState.h">
      <Filter>Header Files\GameStates</Filter>
    </ClInclude>
    <ClInclude Include="MainMenu.h">
      <Filter>Header Files\GameStates</Filter>
    </ClInclude>
    <ClInclude Include="Monster.h">
      <Filter>Header Files\Monsters</Filter>
    </ClInclude>
    <ClInclude Include="Minotaur.h">
      <Filter>Header Files\Monsters</Filter>
    </ClInclude>
    <ClInclude Include="Fight.h">
      <Filter>Header Files\GameStates</Filter>
    </ClInclude>
    <ClInclude Include="LoadMenu.h">
      <Filter>Header Files\GameStates</Filter>
    </ClInclude>
    <ClInclude Include="Shop.h">
      <Filter>Header Files\GameStates</Filter>
    </ClInclude>
    <ClInclude Include="NewGame.h">
      <Filter>Header Files\GameStates</Filter>
    </ClInclude>
    <ClInclude Include="DarkKnight.h">
      <Filter>Header Files\Monsters</Filter>
    </ClInclude>
    <ClInclude Include="Dragon.h">
      <Filter>Header Files\Monsters</Filter>
    </ClInclude>
    <ClInclude Include="BackPack.h">
      <Filter>Header Files\Character</Filter>
    </ClInclude>
    <ClInclude Include="Character.h">
      <Filter>Header Files\Character</Filter>
    </ClInclude>
    <ClInclude Include="CoinPouch.h">
      <Filter>Header Files\Character</Filter>
    </ClInclude>
    <ClInclude Include="DynamicArray.h">
      <Filter>Header Files\DataStructures</Filter>
    </ClInclude>
    <ClInclude Include="Game.h">
      <Filter>Header Files\Etc</Filter>
    </ClInclude>
    <ClInclude Include="LinkedList.h">
      <Filter>Header Files\DataStructures</Filter>
    </ClInclude>
    <ClInclude Include="Node.h">
      <Filter>Header Files\DataStructures</Filter>
    </ClInclude>
    <ClInclude Include="Potion.h">
      <Filter>Header Files\Items</Filter>
    </ClInclude>
    <ClInclude Include="Rand.h">
      <Filter>Header Files\Etc</Filter>
    </ClInclude>
    <ClInclude Include="String.h">
      <Filter>Header Files\DataStructures</Filter>
    </ClInclude>
    <ClInclude Include="Vampire.h">
      <Filter>Header Files\Monsters</Filter>
    </ClInclude>
    <ClInclude Include="Skeleton.h">
      <Filter>Header Files\Monsters</Filter>
    </ClInclude>
    <ClInclude Include="Goblin.h">
      <Filter>Header Files\Monsters</Filter>
    </ClInclude>
    <ClInclude Include="Gryphon.h">
      <Filter>Header Files\Monsters</Filter>
    </ClInclude>
    <ClInclude Include="Medusa.h">
      <Filter>Header Files\Monsters</Filter>
    </ClInclude>
    <ClInclude Include="Enchantress.h">
      <Filter>Header Files\Monsters</Filter>
    </ClInclude>
    <ClInclude Include="Sphinx.h">
      <Filter>Header Files\Monsters</Filter>
    </ClInclude>
    <ClInclude Include="Item.h">
      <Filter>Header Files\Items</Filter>
    </ClInclude>
    <ClInclude Include="Armor.h">
      <Filter>Header Files\Items</Filter>
    </ClInclude>
    <ClInclude Include="Weapon.h">
      <Filter>Header Files\Items</Filter>
    </ClInclude>
    <ClInclude Include="Spell.h">
      <Filter>Header Files\Character</Filter>
    </ClInclude>
  </ItemGroup>
  <ItemGroup>
    <None Include="characters.bin">
      <Filter>Resource Files</Filter>
    </None>
    <None Include="ClassDiagram.cd" />
  </ItemGroup>
</Project>